PODS:
  - CGXCategoryView-OC (1.6.1):
    - CGXCategoryView-OC/Badge (= 1.6.1)
    - CGXCategoryView-OC/Base (= 1.6.1)
    - CGXCategoryView-OC/Custom (= 1.6.1)
    - CGXCategoryView-OC/Dot (= 1.6.1)
    - CGXCategoryView-OC/Image (= 1.6.1)
    - CGXCategoryView-OC/Indicator (= 1.6.1)
    - CGXCategoryView-OC/IndicatorViews (= 1.6.1)
    - CGXCategoryView-OC/ListContainer (= 1.6.1)
    - CGXCategoryView-OC/MenuView (= 1.6.1)
    - CGXCategoryView-OC/Segmented (= 1.6.1)
    - CGXCategoryView-OC/Title (= 1.6.1)
    - CGXCategoryView-OC/TitleAttribute (= 1.6.1)
    - CGXCategoryView-OC/TitleImage (= 1.6.1)
    - CGXCategoryView-OC/TitlePinView (= 1.6.1)
    - CGXCategoryView-OC/TitleSortView (= 1.6.1)
    - CGXCategoryView-OC/TitleSubView (= 1.6.1)
    - CGXCategoryView-OC/VerticalZoomTitle (= 1.6.1)
  - CGXCategoryView-OC/Badge (1.6.1):
    - CGXCategoryView-OC/Base
    - CGXCategoryView-OC/Custom
    - CGXCategoryView-OC/Indicator
    - CGXCategoryView-OC/IndicatorViews
    - CGXCategoryView-OC/TitleImage
  - CGXCategoryView-OC/Base (1.6.1):
    - CGXCategoryView-OC/Custom
    - CGXCategoryView-OC/ListContainer
  - CGXCategoryView-OC/Custom (1.6.1)
  - CGXCategoryView-OC/Dot (1.6.1):
    - CGXCategoryView-OC/Base
    - CGXCategoryView-OC/Custom
    - CGXCategoryView-OC/Indicator
    - CGXCategoryView-OC/IndicatorViews
    - CGXCategoryView-OC/Title
    - CGXCategoryView-OC/TitleImage
  - CGXCategoryView-OC/Image (1.6.1):
    - CGXCategoryView-OC/Base
    - CGXCategoryView-OC/Custom
    - CGXCategoryView-OC/Indicator
    - CGXCategoryView-OC/IndicatorViews
  - CGXCategoryView-OC/Indicator (1.6.1):
    - CGXCategoryView-OC/Base
    - CGXCategoryView-OC/Custom
    - CGXCategoryView-OC/IndicatorViews
  - CGXCategoryView-OC/IndicatorViews (1.6.1):
    - CGXCategoryView-OC/Base
    - CGXCategoryView-OC/Custom
  - CGXCategoryView-OC/ListContainer (1.6.1):
    - CGXCategoryView-OC/Custom
  - CGXCategoryView-OC/MenuView (1.6.1):
    - CGXCategoryView-OC/Base
    - CGXCategoryView-OC/Custom
    - CGXCategoryView-OC/Indicator
    - CGXCategoryView-OC/IndicatorViews
    - CGXCategoryView-OC/Title
    - CGXCategoryView-OC/TitleImage
  - CGXCategoryView-OC/Segmented (1.6.1):
    - CGXCategoryView-OC/Base
    - CGXCategoryView-OC/Custom
  - CGXCategoryView-OC/Title (1.6.1):
    - CGXCategoryView-OC/Base
    - CGXCategoryView-OC/Custom
    - CGXCategoryView-OC/Indicator
    - CGXCategoryView-OC/IndicatorViews
  - CGXCategoryView-OC/TitleAttribute (1.6.1):
    - CGXCategoryView-OC/Base
    - CGXCategoryView-OC/Custom
    - CGXCategoryView-OC/Indicator
    - CGXCategoryView-OC/IndicatorViews
    - CGXCategoryView-OC/Title
  - CGXCategoryView-OC/TitleImage (1.6.1):
    - CGXCategoryView-OC/Base
    - CGXCategoryView-OC/Custom
    - CGXCategoryView-OC/Indicator
    - CGXCategoryView-OC/IndicatorViews
    - CGXCategoryView-OC/Title
  - CGXCategoryView-OC/TitlePinView (1.6.1):
    - CGXCategoryView-OC/Base
    - CGXCategoryView-OC/Custom
    - CGXCategoryView-OC/Indicator
    - CGXCategoryView-OC/IndicatorViews
    - CGXCategoryView-OC/Title
  - CGXCategoryView-OC/TitleSortView (1.6.1):
    - CGXCategoryView-OC/Base
    - CGXCategoryView-OC/Custom
    - CGXCategoryView-OC/Indicator
    - CGXCategoryView-OC/IndicatorViews
    - CGXCategoryView-OC/Title
  - CGXCategoryView-OC/TitleSubView (1.6.1):
    - CGXCategoryView-OC/Base
    - CGXCategoryView-OC/Custom
    - CGXCategoryView-OC/Indicator
    - CGXCategoryView-OC/IndicatorViews
    - CGXCategoryView-OC/Title
  - CGXCategoryView-OC/VerticalZoomTitle (1.6.1):
    - CGXCategoryView-OC/Base
    - CGXCategoryView-OC/Custom
    - CGXCategoryView-OC/Indicator
    - CGXCategoryView-OC/IndicatorViews
    - CGXCategoryView-OC/Title

DEPENDENCIES:
  - CGXCategoryView-OC (from `../`)

EXTERNAL SOURCES:
  CGXCategoryView-OC:
    :path: "../"

SPEC CHECKSUMS:
  CGXCategoryView-OC: f868b28a784d9812ff2a0e8efe43a7343e9751ea

PODFILE CHECKSUM: f8316683781b057464d7cdd977dcfdee3b4773fe

COCOAPODS: 1.10.1
