PODS:
  - CGXCategoryView-OC (1.5.0):
    - CGXCategoryView-OC/Badge (= 1.5.0)
    - CGXCategoryView-OC/Base (= 1.5.0)
    - CGXCategoryView-OC/Common (= 1.5.0)
    - CGXCategoryView-OC/Dot (= 1.5.0)
    - CGXCategoryView-OC/Image (= 1.5.0)
    - CGXCategoryView-OC/Indicator (= 1.5.0)
    - CGXCategoryView-OC/IndicatorViews (= 1.5.0)
    - CGXCategoryView-OC/ListContainer (= 1.5.0)
    - CGXCategoryView-OC/MenuView (= 1.5.0)
    - CGXCategoryView-OC/Segmented (= 1.5.0)
    - CGXCategoryView-OC/Title (= 1.5.0)
    - CGXCategoryView-OC/TitleAttribute (= 1.5.0)
    - CGXCategoryView-OC/TitleImage (= 1.5.0)
    - CGXCategoryView-OC/TitleSortView (= 1.5.0)
    - CGXCategoryView-OC/TitleSubtitleView (= 1.5.0)
    - CGXCategoryView-OC/VerticalZoomTitle (= 1.5.0)
  - CGXCategoryView-OC/Badge (1.5.0):
    - CGXCategoryView-OC/Base
    - CGXCategoryView-OC/Common
    - CGXCategoryView-OC/Indicator
    - CGXCategoryView-OC/IndicatorViews
    - CGXCategoryView-OC/TitleImage
  - CGXCategoryView-OC/Base (1.5.0):
    - CGXCategoryView-OC/Common
    - CGXCategoryView-OC/ListContainer
  - CGXCategoryView-OC/Common (1.5.0)
  - CGXCategoryView-OC/Dot (1.5.0):
    - CGXCategoryView-OC/Base
    - CGXCategoryView-OC/Common
    - CGXCategoryView-OC/Indicator
    - CGXCategoryView-OC/IndicatorViews
    - CGXCategoryView-OC/Title
    - CGXCategoryView-OC/TitleImage
  - CGXCategoryView-OC/Image (1.5.0):
    - CGXCategoryView-OC/Base
    - CGXCategoryView-OC/Common
    - CGXCategoryView-OC/Indicator
    - CGXCategoryView-OC/IndicatorViews
  - CGXCategoryView-OC/Indicator (1.5.0):
    - CGXCategoryView-OC/Base
    - CGXCategoryView-OC/Common
    - CGXCategoryView-OC/IndicatorViews
  - CGXCategoryView-OC/IndicatorViews (1.5.0):
    - CGXCategoryView-OC/Base
    - CGXCategoryView-OC/Common
  - CGXCategoryView-OC/ListContainer (1.5.0):
    - CGXCategoryView-OC/Common
  - CGXCategoryView-OC/MenuView (1.5.0):
    - CGXCategoryView-OC/Base
    - CGXCategoryView-OC/Common
    - CGXCategoryView-OC/Indicator
    - CGXCategoryView-OC/IndicatorViews
    - CGXCategoryView-OC/Title
    - CGXCategoryView-OC/TitleImage
  - CGXCategoryView-OC/Segmented (1.5.0):
    - CGXCategoryView-OC/Base
    - CGXCategoryView-OC/Common
  - CGXCategoryView-OC/Title (1.5.0):
    - CGXCategoryView-OC/Base
    - CGXCategoryView-OC/Common
    - CGXCategoryView-OC/Indicator
    - CGXCategoryView-OC/IndicatorViews
  - CGXCategoryView-OC/TitleAttribute (1.5.0):
    - CGXCategoryView-OC/Base
    - CGXCategoryView-OC/Common
    - CGXCategoryView-OC/Indicator
    - CGXCategoryView-OC/IndicatorViews
    - CGXCategoryView-OC/Title
  - CGXCategoryView-OC/TitleImage (1.5.0):
    - CGXCategoryView-OC/Base
    - CGXCategoryView-OC/Common
    - CGXCategoryView-OC/Indicator
    - CGXCategoryView-OC/IndicatorViews
    - CGXCategoryView-OC/Title
  - CGXCategoryView-OC/TitleSortView (1.5.0):
    - CGXCategoryView-OC/Base
    - CGXCategoryView-OC/Common
    - CGXCategoryView-OC/Indicator
    - CGXCategoryView-OC/IndicatorViews
    - CGXCategoryView-OC/Title
  - CGXCategoryView-OC/TitleSubtitleView (1.5.0):
    - CGXCategoryView-OC/Base
    - CGXCategoryView-OC/Common
    - CGXCategoryView-OC/Indicator
    - CGXCategoryView-OC/IndicatorViews
    - CGXCategoryView-OC/Title
  - CGXCategoryView-OC/VerticalZoomTitle (1.5.0):
    - CGXCategoryView-OC/Base
    - CGXCategoryView-OC/Common
    - CGXCategoryView-OC/Indicator
    - CGXCategoryView-OC/IndicatorViews
    - CGXCategoryView-OC/Title

DEPENDENCIES:
  - CGXCategoryView-OC (from `../`)

EXTERNAL SOURCES:
  CGXCategoryView-OC:
    :path: "../"

SPEC CHECKSUMS:
  CGXCategoryView-OC: a7e9d13b6a915980365d950003d5232d81da4628

PODFILE CHECKSUM: f8316683781b057464d7cdd977dcfdee3b4773fe

COCOAPODS: 1.10.1
